// !$*UTF8*$!
{
	archiveVersion = 1;
	classes = {
	};
	objectVersion = 51;
	objects = {

/* Begin PBXBuildFile section */
		1EC95D7B25433A30001D2242 /* AppDelegate.swift in Sources */ = {isa = PBXBuildFile; fileRef = 1EC95D7A25433A30001D2242 /* AppDelegate.swift */; };
		1EC95D7D25433A30001D2242 /* SceneDelegate.swift in Sources */ = {isa = PBXBuildFile; fileRef = 1EC95D7C25433A30001D2242 /* SceneDelegate.swift */; };
		1EC95D7F25433A30001D2242 /* ViewController.swift in Sources */ = {isa = PBXBuildFile; fileRef = 1EC95D7E25433A30001D2242 /* ViewController.swift */; };
		1EC95D8225433A30001D2242 /* Main.storyboard in Resources */ = {isa = PBXBuildFile; fileRef = 1EC95D8025433A30001D2242 /* Main.storyboard */; };
		1EC95D8425433A3A001D2242 /* Assets.xcassets in Resources */ = {isa = PBXBuildFile; fileRef = 1EC95D8325433A3A001D2242 /* Assets.xcassets */; };
		1EC95D8725433A3A001D2242 /* LaunchScreen.storyboard in Resources */ = {isa = PBXBuildFile; fileRef = 1EC95D8525433A3A001D2242 /* LaunchScreen.storyboard */; };
		1EC95D96254343D6001D2242 /* ServiceConstants.swift in Sources */ = {isa = PBXBuildFile; fileRef = 1EC95D95254343D6001D2242 /* ServiceConstants.swift */; };
		1EC95D992543444B001D2242 /* InterfaceUtils.swift in Sources */ = {isa = PBXBuildFile; fileRef = 1EC95D982543444B001D2242 /* InterfaceUtils.swift */; };
		1EC95D9D254346CF001D2242 /* UIColor+Hex.swift in Sources */ = {isa = PBXBuildFile; fileRef = 1EC95D9C254346CF001D2242 /* UIColor+Hex.swift */; };
		1EC95DA12543495A001D2242 /* AlertPresentable.swift in Sources */ = {isa = PBXBuildFile; fileRef = 1EC95DA02543495A001D2242 /* AlertPresentable.swift */; };
		1EC95DA32543497B001D2242 /* AlertAction.swift in Sources */ = {isa = PBXBuildFile; fileRef = 1EC95DA22543497B001D2242 /* AlertAction.swift */; };
		2798B64B9F33B5AA9BD7441B /* Pods_GCPortal.framework in Frameworks */ = {isa = PBXBuildFile; fileRef = 232B2463783029C1A0F0745F /* Pods_GCPortal.framework */; };
/* End PBXBuildFile section */

/* Begin PBXFileReference section */
		1EC95D7725433A30001D2242 /* GCPortal.app */ = {isa = PBXFileReference; explicitFileType = wrapper.application; includeInIndex = 0; path = GCPortal.app; sourceTree = BUILT_PRODUCTS_DIR; };
		1EC95D7A25433A30001D2242 /* AppDelegate.swift */ = {isa = PBXFileReference; lastKnownFileType = sourcecode.swift; path = AppDelegate.swift; sourceTree = "<group>"; };
		1EC95D7C25433A30001D2242 /* SceneDelegate.swift */ = {isa = PBXFileReference; lastKnownFileType = sourcecode.swift; path = SceneDelegate.swift; sourceTree = "<group>"; };
		1EC95D7E25433A30001D2242 /* ViewController.swift */ = {isa = PBXFileReference; lastKnownFileType = sourcecode.swift; path = ViewController.swift; sourceTree = "<group>"; };
		1EC95D8125433A30001D2242 /* Base */ = {isa = PBXFileReference; lastKnownFileType = file.storyboard; name = Base; path = Base.lproj/Main.storyboard; sourceTree = "<group>"; };
		1EC95D8325433A3A001D2242 /* Assets.xcassets */ = {isa = PBXFileReference; lastKnownFileType = folder.assetcatalog; path = Assets.xcassets; sourceTree = "<group>"; };
		1EC95D8625433A3A001D2242 /* Base */ = {isa = PBXFileReference; lastKnownFileType = file.storyboard; name = Base; path = Base.lproj/LaunchScreen.storyboard; sourceTree = "<group>"; };
		1EC95D8825433A3A001D2242 /* Info.plist */ = {isa = PBXFileReference; lastKnownFileType = text.plist.xml; name = Info.plist; path = ../Info.plist; sourceTree = "<group>"; };
		1EC95D95254343D6001D2242 /* ServiceConstants.swift */ = {isa = PBXFileReference; lastKnownFileType = sourcecode.swift; path = ServiceConstants.swift; sourceTree = "<group>"; };
		1EC95D982543444B001D2242 /* InterfaceUtils.swift */ = {isa = PBXFileReference; lastKnownFileType = sourcecode.swift; path = InterfaceUtils.swift; sourceTree = "<group>"; };
		1EC95D9C254346CF001D2242 /* UIColor+Hex.swift */ = {isa = PBXFileReference; lastKnownFileType = sourcecode.swift; path = "UIColor+Hex.swift"; sourceTree = "<group>"; };
		1EC95DA02543495A001D2242 /* AlertPresentable.swift */ = {isa = PBXFileReference; lastKnownFileType = sourcecode.swift; path = AlertPresentable.swift; sourceTree = "<group>"; };
		1EC95DA22543497B001D2242 /* AlertAction.swift */ = {isa = PBXFileReference; lastKnownFileType = sourcecode.swift; path = AlertAction.swift; sourceTree = "<group>"; };
		232B2463783029C1A0F0745F /* Pods_GCPortal.framework */ = {isa = PBXFileReference; explicitFileType = wrapper.framework; includeInIndex = 0; path = Pods_GCPortal.framework; sourceTree = BUILT_PRODUCTS_DIR; };
		2608B506B9276279B671AB32 /* Pods-GCPortal.release.xcconfig */ = {isa = PBXFileReference; includeInIndex = 1; lastKnownFileType = text.xcconfig; name = "Pods-GCPortal.release.xcconfig"; path = "Target Support Files/Pods-GCPortal/Pods-GCPortal.release.xcconfig"; sourceTree = "<group>"; };
		74F17CA8517E364986662C3D /* Pods-GCPortal.debug.xcconfig */ = {isa = PBXFileReference; includeInIndex = 1; lastKnownFileType = text.xcconfig; name = "Pods-GCPortal.debug.xcconfig"; path = "Target Support Files/Pods-GCPortal/Pods-GCPortal.debug.xcconfig"; sourceTree = "<group>"; };
/* End PBXFileReference section */

/* Begin PBXFrameworksBuildPhase section */
		1EC95D7425433A30001D2242 /* Frameworks */ = {
			isa = PBXFrameworksBuildPhase;
			buildActionMask = 2147483647;
			files = (
				2798B64B9F33B5AA9BD7441B /* Pods_GCPortal.framework in Frameworks */,
			);
			runOnlyForDeploymentPostprocessing = 0;
		};
/* End PBXFrameworksBuildPhase section */

/* Begin PBXGroup section */
		1EC95D6E25433A30001D2242 = {
			isa = PBXGroup;
			children = (
				1EC95D7925433A30001D2242 /* GCPortal */,
				1EC95D7825433A30001D2242 /* Products */,
				43F615634BC67C9FC7031686 /* Pods */,
				57F6FFAD983EFAA0C245EC60 /* Frameworks */,
			);
			sourceTree = "<group>";
		};
		1EC95D7825433A30001D2242 /* Products */ = {
			isa = PBXGroup;
			children = (
				1EC95D7725433A30001D2242 /* GCPortal.app */,
			);
			name = Products;
			sourceTree = "<group>";
		};
		1EC95D7925433A30001D2242 /* GCPortal */ = {
			isa = PBXGroup;
			children = (
				1EC95D9325433BE0001D2242 /* Applications */,
				1EC95D8E25433B38001D2242 /* Modules */,
				1EC95D9025433B60001D2242 /* Services */,
				1EC95D8F25433B52001D2242 /* Common */,
				1EC95D9125433BA2001D2242 /* Models */,
				1EC95D9225433BB3001D2242 /* Resources */,
			);
			path = GCPortal;
			sourceTree = "<group>";
		};
		1EC95D8E25433B38001D2242 /* Modules */ = {
			isa = PBXGroup;
			children = (
				1EC95D7E25433A30001D2242 /* ViewController.swift */,
			);
			path = Modules;
			sourceTree = "<group>";
		};
		1EC95D8F25433B52001D2242 /* Common */ = {
			isa = PBXGroup;
			children = (
				1EC95D9E25434934001D2242 /* Protocols */,
				1EC95D9A25434691001D2242 /* Extensions */,
				1EC95D94254343B9001D2242 /* Constants */,
			);
			path = Common;
			sourceTree = "<group>";
		};
		1EC95D9025433B60001D2242 /* Services */ = {
			isa = PBXGroup;
			children = (
			);
			path = Services;
			sourceTree = "<group>";
		};
		1EC95D9125433BA2001D2242 /* Models */ = {
			isa = PBXGroup;
			children = (
			);
			path = Models;
			sourceTree = "<group>";
		};
		1EC95D9225433BB3001D2242 /* Resources */ = {
			isa = PBXGroup;
			children = (
				1EC95D8325433A3A001D2242 /* Assets.xcassets */,
				1EC95D8825433A3A001D2242 /* Info.plist */,
			);
			path = Resources;
			sourceTree = "<group>";
		};
		1EC95D9325433BE0001D2242 /* Applications */ = {
			isa = PBXGroup;
			children = (
				1EC95D8525433A3A001D2242 /* LaunchScreen.storyboard */,
				1EC95D8025433A30001D2242 /* Main.storyboard */,
				1EC95D7A25433A30001D2242 /* AppDelegate.swift */,
				1EC95D7C25433A30001D2242 /* SceneDelegate.swift */,
			);
			path = Applications;
			sourceTree = "<group>";
		};
		1EC95D94254343B9001D2242 /* Constants */ = {
			isa = PBXGroup;
			children = (
				1EC95D95254343D6001D2242 /* ServiceConstants.swift */,
				1EC95D982543444B001D2242 /* InterfaceUtils.swift */,
			);
			path = Constants;
			sourceTree = "<group>";
		};
		1EC95D9A25434691001D2242 /* Extensions */ = {
			isa = PBXGroup;
			children = (
				1EC95D9B254346B1001D2242 /* UIKit */,
			);
			path = Extensions;
			sourceTree = "<group>";
		};
		1EC95D9B254346B1001D2242 /* UIKit */ = {
			isa = PBXGroup;
			children = (
				1EC95D9C254346CF001D2242 /* UIColor+Hex.swift */,
			);
			path = UIKit;
			sourceTree = "<group>";
		};
		1EC95D9E25434934001D2242 /* Protocols */ = {
			isa = PBXGroup;
			children = (
				1EC95D9F2543493A001D2242 /* AlertPresentable */,
			);
			path = Protocols;
			sourceTree = "<group>";
		};
		1EC95D9F2543493A001D2242 /* AlertPresentable */ = {
			isa = PBXGroup;
			children = (
				1EC95DA02543495A001D2242 /* AlertPresentable.swift */,
				1EC95DA22543497B001D2242 /* AlertAction.swift */,
			);
			path = AlertPresentable;
			sourceTree = "<group>";
		};
		43F615634BC67C9FC7031686 /* Pods */ = {
			isa = PBXGroup;
			children = (
				74F17CA8517E364986662C3D /* Pods-GCPortal.debug.xcconfig */,
				2608B506B9276279B671AB32 /* Pods-GCPortal.release.xcconfig */,
			);
			path = Pods;
			sourceTree = "<group>";
		};
		57F6FFAD983EFAA0C245EC60 /* Frameworks */ = {
			isa = PBXGroup;
			children = (
				232B2463783029C1A0F0745F /* Pods_GCPortal.framework */,
			);
			name = Frameworks;
			sourceTree = "<group>";
		};
/* End PBXGroup section */

/* Begin PBXNativeTarget section */
		1EC95D7625433A30001D2242 /* GCPortal */ = {
			isa = PBXNativeTarget;
			buildConfigurationList = 1EC95D8B25433A3A001D2242 /* Build configuration list for PBXNativeTarget "GCPortal" */;
			buildPhases = (
				43E6C2D16878F90BD8648E97 /* [CP] Check Pods Manifest.lock */,
				1EC95D7325433A30001D2242 /* Sources */,
				1EC95D7425433A30001D2242 /* Frameworks */,
				1EC95D7525433A30001D2242 /* Resources */,
				EF052F118306A2021D94A266 /* [CP] Embed Pods Frameworks */,
			);
			buildRules = (
			);
			dependencies = (
			);
			name = GCPortal;
			productName = GCPortal;
			productReference = 1EC95D7725433A30001D2242 /* GCPortal.app */;
			productType = "com.apple.product-type.application";
		};
/* End PBXNativeTarget section */

/* Begin PBXProject section */
		1EC95D6F25433A30001D2242 /* Project object */ = {
			isa = PBXProject;
			attributes = {
				LastSwiftUpdateCheck = 1160;
				LastUpgradeCheck = 1160;
				ORGANIZATIONNAME = "Айдин Абдурахманов";
				TargetAttributes = {
					1EC95D7625433A30001D2242 = {
						CreatedOnToolsVersion = 11.6;
					};
				};
			};
			buildConfigurationList = 1EC95D7225433A30001D2242 /* Build configuration list for PBXProject "GCPortal" */;
			compatibilityVersion = "Xcode 9.3";
			developmentRegion = en;
			hasScannedForEncodings = 0;
			knownRegions = (
				en,
				Base,
			);
			mainGroup = 1EC95D6E25433A30001D2242;
			productRefGroup = 1EC95D7825433A30001D2242 /* Products */;
			projectDirPath = "";
			projectRoot = "";
			targets = (
				1EC95D7625433A30001D2242 /* GCPortal */,
			);
		};
/* End PBXProject section */

/* Begin PBXResourcesBuildPhase section */
		1EC95D7525433A30001D2242 /* Resources */ = {
			isa = PBXResourcesBuildPhase;
			buildActionMask = 2147483647;
			files = (
				1EC95D8725433A3A001D2242 /* LaunchScreen.storyboard in Resources */,
				1EC95D8425433A3A001D2242 /* Assets.xcassets in Resources */,
				1EC95D8225433A30001D2242 /* Main.storyboard in Resources */,
			);
			runOnlyForDeploymentPostprocessing = 0;
		};
/* End PBXResourcesBuildPhase section */

/* Begin PBXShellScriptBuildPhase section */
		43E6C2D16878F90BD8648E97 /* [CP] Check Pods Manifest.lock */ = {
			isa = PBXShellScriptBuildPhase;
			buildActionMask = 2147483647;
			files = (
			);
			inputFileListPaths = (
			);
			inputPaths = (
				"${PODS_PODFILE_DIR_PATH}/Podfile.lock",
				"${PODS_ROOT}/Manifest.lock",
			);
			name = "[CP] Check Pods Manifest.lock";
			outputFileListPaths = (
			);
			outputPaths = (
				"$(DERIVED_FILE_DIR)/Pods-GCPortal-checkManifestLockResult.txt",
			);
			runOnlyForDeploymentPostprocessing = 0;
			shellPath = /bin/sh;
			shellScript = "diff \"${PODS_PODFILE_DIR_PATH}/Podfile.lock\" \"${PODS_ROOT}/Manifest.lock\" > /dev/null\nif [ $? != 0 ] ; then\n    # print error to STDERR\n    echo \"error: The sandbox is not in sync with the Podfile.lock. Run 'pod install' or update your CocoaPods installation.\" >&2\n    exit 1\nfi\n# This output is used by Xcode 'outputs' to avoid re-running this script phase.\necho \"SUCCESS\" > \"${SCRIPT_OUTPUT_FILE_0}\"\n";
			showEnvVarsInLog = 0;
		};
		EF052F118306A2021D94A266 /* [CP] Embed Pods Frameworks */ = {
			isa = PBXShellScriptBuildPhase;
			buildActionMask = 2147483647;
			files = (
			);
			inputFileListPaths = (
				"${PODS_ROOT}/Target Support Files/Pods-GCPortal/Pods-GCPortal-frameworks-${CONFIGURATION}-input-files.xcfilelist",
			);
			name = "[CP] Embed Pods Frameworks";
			outputFileListPaths = (
				"${PODS_ROOT}/Target Support Files/Pods-GCPortal/Pods-GCPortal-frameworks-${CONFIGURATION}-output-files.xcfilelist",
			);
			runOnlyForDeploymentPostprocessing = 0;
			shellPath = /bin/sh;
			shellScript = "\"${PODS_ROOT}/Target Support Files/Pods-GCPortal/Pods-GCPortal-frameworks.sh\"\n";
			showEnvVarsInLog = 0;
		};
/* End PBXShellScriptBuildPhase section */

/* Begin PBXSourcesBuildPhase section */
		1EC95D7325433A30001D2242 /* Sources */ = {
			isa = PBXSourcesBuildPhase;
			buildActionMask = 2147483647;
			files = (
				1EC95DA12543495A001D2242 /* AlertPresentable.swift in Sources */,
				1EC95D7F25433A30001D2242 /* ViewController.swift in Sources */,
				1EC95DA32543497B001D2242 /* AlertAction.swift in Sources */,
				1EC95D7B25433A30001D2242 /* AppDelegate.swift in Sources */,
				1EC95D7D25433A30001D2242 /* SceneDelegate.swift in Sources */,
				1EC95D9D254346CF001D2242 /* UIColor+Hex.swift in Sources */,
				1EC95D992543444B001D2242 /* InterfaceUtils.swift in Sources */,
				1EC95D96254343D6001D2242 /* ServiceConstants.swift in Sources */,
			);
			runOnlyForDeploymentPostprocessing = 0;
		};
/* End PBXSourcesBuildPhase section */

/* Begin PBXVariantGroup section */
		1EC95D8025433A30001D2242 /* Main.storyboard */ = {
			isa = PBXVariantGroup;
			children = (
				1EC95D8125433A30001D2242 /* Base */,
			);
			name = Main.storyboard;
			sourceTree = "<group>";
		};
		1EC95D8525433A3A001D2242 /* LaunchScreen.storyboard */ = {
			isa = PBXVariantGroup;
			children = (
				1EC95D8625433A3A001D2242 /* Base */,
			);
			name = LaunchScreen.storyboard;
			sourceTree = "<group>";
		};
/* End PBXVariantGroup section */

/* Begin XCBuildConfiguration section */
		1EC95D8925433A3A001D2242 /* Debug */ = {
			isa = XCBuildConfiguration;
			buildSettings = {
				ALWAYS_SEARCH_USER_PATHS = NO;
				CLANG_ANALYZER_NONNULL = YES;
				CLANG_ANALYZER_NUMBER_OBJECT_CONVERSION = YES_AGGRESSIVE;
				CLANG_CXX_LANGUAGE_STANDARD = "gnu++14";
				CLANG_CXX_LIBRARY = "libc++";
				CLANG_ENABLE_MODULES = YES;
				CLANG_ENABLE_OBJC_ARC = YES;
				CLANG_ENABLE_OBJC_WEAK = YES;
				CLANG_WARN_BLOCK_CAPTURE_AUTORELEASING = YES;
				CLANG_WARN_BOOL_CONVERSION = YES;
				CLANG_WARN_COMMA = YES;
				CLANG_WARN_CONSTANT_CONVERSION = YES;
				CLANG_WARN_DEPRECATED_OBJC_IMPLEMENTATIONS = YES;
				CLANG_WARN_DIRECT_OBJC_ISA_USAGE = YES_ERROR;
				CLANG_WARN_DOCUMENTATION_COMMENTS = YES;
				CLANG_WARN_EMPTY_BODY = YES;
				CLANG_WARN_ENUM_CONVERSION = YES;
				CLANG_WARN_INFINITE_RECURSION = YES;
				CLANG_WARN_INT_CONVERSION = YES;
				CLANG_WARN_NON_LITERAL_NULL_CONVERSION = YES;
				CLANG_WARN_OBJC_IMPLICIT_RETAIN_SELF = YES;
				CLANG_WARN_OBJC_LITERAL_CONVERSION = YES;
				CLANG_WARN_OBJC_ROOT_CLASS = YES_ERROR;
				CLANG_WARN_RANGE_LOOP_ANALYSIS = YES;
				CLANG_WARN_STRICT_PROTOTYPES = YES;
				CLANG_WARN_SUSPICIOUS_MOVE = YES;
				CLANG_WARN_UNGUARDED_AVAILABILITY = YES_AGGRESSIVE;
				CLANG_WARN_UNREACHABLE_CODE = YES;
				CLANG_WARN__DUPLICATE_METHOD_MATCH = YES;
				COPY_PHASE_STRIP = NO;
				DEBUG_INFORMATION_FORMAT = dwarf;
				ENABLE_STRICT_OBJC_MSGSEND = YES;
				ENABLE_TESTABILITY = YES;
				GCC_C_LANGUAGE_STANDARD = gnu11;
				GCC_DYNAMIC_NO_PIC = NO;
				GCC_NO_COMMON_BLOCKS = YES;
				GCC_OPTIMIZATION_LEVEL = 0;
				GCC_PREPROCESSOR_DEFINITIONS = (
					"DEBUG=1",
					"$(inherited)",
				);
				GCC_WARN_64_TO_32_BIT_CONVERSION = YES;
				GCC_WARN_ABOUT_RETURN_TYPE = YES_ERROR;
				GCC_WARN_UNDECLARED_SELECTOR = YES;
				GCC_WARN_UNINITIALIZED_AUTOS = YES_AGGRESSIVE;
				GCC_WARN_UNUSED_FUNCTION = YES;
				GCC_WARN_UNUSED_VARIABLE = YES;
				IPHONEOS_DEPLOYMENT_TARGET = 13.6;
				MTL_ENABLE_DEBUG_INFO = INCLUDE_SOURCE;
				MTL_FAST_MATH = YES;
				ONLY_ACTIVE_ARCH = YES;
				SDKROOT = iphoneos;
				SWIFT_ACTIVE_COMPILATION_CONDITIONS = DEBUG;
				SWIFT_OPTIMIZATION_LEVEL = "-Onone";
			};
			name = Debug;
		};
		1EC95D8A25433A3A001D2242 /* Release */ = {
			isa = XCBuildConfiguration;
			buildSettings = {
				ALWAYS_SEARCH_USER_PATHS = NO;
				CLANG_ANALYZER_NONNULL = YES;
				CLANG_ANALYZER_NUMBER_OBJECT_CONVERSION = YES_AGGRESSIVE;
				CLANG_CXX_LANGUAGE_STANDARD = "gnu++14";
				CLANG_CXX_LIBRARY = "libc++";
				CLANG_ENABLE_MODULES = YES;
				CLANG_ENABLE_OBJC_ARC = YES;
				CLANG_ENABLE_OBJC_WEAK = YES;
				CLANG_WARN_BLOCK_CAPTURE_AUTORELEASING = YES;
				CLANG_WARN_BOOL_CONVERSION = YES;
				CLANG_WARN_COMMA = YES;
				CLANG_WARN_CONSTANT_CONVERSION = YES;
				CLANG_WARN_DEPRECATED_OBJC_IMPLEMENTATIONS = YES;
				CLANG_WARN_DIRECT_OBJC_ISA_USAGE = YES_ERROR;
				CLANG_WARN_DOCUMENTATION_COMMENTS = YES;
				CLANG_WARN_EMPTY_BODY = YES;
				CLANG_WARN_ENUM_CONVERSION = YES;
				CLANG_WARN_INFINITE_RECURSION = YES;
				CLANG_WARN_INT_CONVERSION = YES;
				CLANG_WARN_NON_LITERAL_NULL_CONVERSION = YES;
				CLANG_WARN_OBJC_IMPLICIT_RETAIN_SELF = YES;
				CLANG_WARN_OBJC_LITERAL_CONVERSION = YES;
				CLANG_WARN_OBJC_ROOT_CLASS = YES_ERROR;
				CLANG_WARN_RANGE_LOOP_ANALYSIS = YES;
				CLANG_WARN_STRICT_PROTOTYPES = YES;
				CLANG_WARN_SUSPICIOUS_MOVE = YES;
				CLANG_WARN_UNGUARDED_AVAILABILITY = YES_AGGRESSIVE;
				CLANG_WARN_UNREACHABLE_CODE = YES;
				CLANG_WARN__DUPLICATE_METHOD_MATCH = YES;
				COPY_PHASE_STRIP = NO;
				DEBUG_INFORMATION_FORMAT = "dwarf-with-dsym";
				ENABLE_NS_ASSERTIONS = NO;
				ENABLE_STRICT_OBJC_MSGSEND = YES;
				GCC_C_LANGUAGE_STANDARD = gnu11;
				GCC_NO_COMMON_BLOCKS = YES;
				GCC_WARN_64_TO_32_BIT_CONVERSION = YES;
				GCC_WARN_ABOUT_RETURN_TYPE = YES_ERROR;
				GCC_WARN_UNDECLARED_SELECTOR = YES;
				GCC_WARN_UNINITIALIZED_AUTOS = YES_AGGRESSIVE;
				GCC_WARN_UNUSED_FUNCTION = YES;
				GCC_WARN_UNUSED_VARIABLE = YES;
				IPHONEOS_DEPLOYMENT_TARGET = 13.6;
				MTL_ENABLE_DEBUG_INFO = NO;
				MTL_FAST_MATH = YES;
				SDKROOT = iphoneos;
				SWIFT_COMPILATION_MODE = wholemodule;
				SWIFT_OPTIMIZATION_LEVEL = "-O";
				VALIDATE_PRODUCT = YES;
			};
			name = Release;
		};
		1EC95D8C25433A3A001D2242 /* Debug */ = {
			isa = XCBuildConfiguration;
			baseConfigurationReference = 74F17CA8517E364986662C3D /* Pods-GCPortal.debug.xcconfig */;
			buildSettings = {
				ASSETCATALOG_COMPILER_APPICON_NAME = AppIcon;
				CODE_SIGN_STYLE = Automatic;
				DEVELOPMENT_TEAM = A92M6XXWDU;
				INFOPLIST_FILE = GCPortal/Info.plist;
				LD_RUNPATH_SEARCH_PATHS = (
					"$(inherited)",
					"@executable_path/Frameworks",
				);
				PRODUCT_BUNDLE_IDENTIFIER = ru.aidinabdurakhmanov.GCPortal;
				PRODUCT_NAME = "$(TARGET_NAME)";
				SWIFT_VERSION = 5.0;
				TARGETED_DEVICE_FAMILY = "1,2";
			};
			name = Debug;
		};
		1EC95D8D25433A3A001D2242 /* Release */ = {
			isa = XCBuildConfiguration;
			baseConfigurationReference = 2608B506B9276279B671AB32 /* Pods-GCPortal.release.xcconfig */;
			buildSettings = {
				ASSETCATALOG_COMPILER_APPICON_NAME = AppIcon;
				CODE_SIGN_STYLE = Automatic;
				DEVELOPMENT_TEAM = A92M6XXWDU;
				INFOPLIST_FILE = GCPortal/Info.plist;
				LD_RUNPATH_SEARCH_PATHS = (
					"$(inherited)",
					"@executable_path/Frameworks",
				);
				PRODUCT_BUNDLE_IDENTIFIER = ru.aidinabdurakhmanov.GCPortal;
				PRODUCT_NAME = "$(TARGET_NAME)";
				SWIFT_VERSION = 5.0;
				TARGETED_DEVICE_FAMILY = "1,2";
			};
			name = Release;
		};
/* End XCBuildConfiguration section */

/* Begin XCConfigurationList section */
		1EC95D7225433A30001D2242 /* Build configuration list for PBXProject "GCPortal" */ = {
			isa = XCConfigurationList;
			buildConfigurations = (
				1EC95D8925433A3A001D2242 /* Debug */,
				1EC95D8A25433A3A001D2242 /* Release */,
			);
			defaultConfigurationIsVisible = 0;
			defaultConfigurationName = Release;
		};
		1EC95D8B25433A3A001D2242 /* Build configuration list for PBXNativeTarget "GCPortal" */ = {
			isa = XCConfigurationList;
			buildConfigurations = (
				1EC95D8C25433A3A001D2242 /* Debug */,
				1EC95D8D25433A3A001D2242 /* Release */,
			);
			defaultConfigurationIsVisible = 0;
			defaultConfigurationName = Release;
		};
/* End XCConfigurationList section */
	};
	rootObject = 1EC95D6F25433A30001D2242 /* Project object */;
}
